# THIS IS AN AUTOGENERATED FILE. DO NOT EDIT THIS FILE DIRECTLY.
# yarn lockfile v1


accepts@~1.0.0:
  version "1.0.7"
  resolved "https://registry.yarnpkg.com/accepts/-/accepts-1.0.7.tgz#5b501fb4f0704309964ccdb048172541208dab1a"
  dependencies:
    mime-types "~1.0.0"
    negotiator "0.4.7"

amdefine@>=0.0.4:
  version "1.0.1"
  resolved "https://registry.yarnpkg.com/amdefine/-/amdefine-1.0.1.tgz#4a5282ac164729e93619bcfd3ad151f817ce91f5"

async@~0.2.6:
  version "0.2.10"
  resolved "https://registry.yarnpkg.com/async/-/async-0.2.10.tgz#b6bbe0b0674b9d719708ca38de8c237cb526c3d1"

bytes@1:
  version "1.0.0"
  resolved "https://registry.yarnpkg.com/bytes/-/bytes-1.0.0.tgz#3569ede8ba34315fab99c3e92cb04c7220de1fa8"

bytes@~0.2.1:
  version "0.2.1"
  resolved "https://registry.yarnpkg.com/bytes/-/bytes-0.2.1.tgz#555b08abcb063f8975905302523e4cd4ffdfdf31"

camelcase@^1.0.2:
  version "1.2.1"
  resolved "https://registry.yarnpkg.com/camelcase/-/camelcase-1.2.1.tgz#9bb5304d2e0b56698b2c758b08a3eaa9daa58a39"

co-body@0.0.1:
  version "0.0.1"
  resolved "https://registry.yarnpkg.com/co-body/-/co-body-0.0.1.tgz#8241b047d0fbc3ef9b8db38539fbccfe5975caae"
  dependencies:
    qs "~0.6.5"
    raw-body "~1.1.1"

co-render@0.0.1:
  version "0.0.1"
  resolved "https://registry.yarnpkg.com/co-render/-/co-render-0.0.1.tgz#328f60184dc369fe1e775805ee76a1315f4f495f"
  dependencies:
    consolidate "~0.9.1"
    debug "*"

co-views@~0.1.0:
  version "0.1.0"
  resolved "https://registry.yarnpkg.com/co-views/-/co-views-0.1.0.tgz#1acf822b3c59ab25ed1388736cc35a6ec79a6ee1"
  dependencies:
    co-render "0.0.1"
    debug "*"

co@~3.0.1:
  version "3.0.6"
  resolved "https://registry.yarnpkg.com/co/-/co-3.0.6.tgz#1445f226c5eb956138e68c9ac30167ea7d2e6bda"

consolidate@~0.9.1:
  version "0.9.1"
  resolved "https://registry.yarnpkg.com/consolidate/-/consolidate-0.9.1.tgz#9bc97e721d69765f320f232207d4c77fa3e22ca2"

cookies@~0.3.7:
  version "0.3.8"
  resolved "https://registry.yarnpkg.com/cookies/-/cookies-0.3.8.tgz#92fe50918f3d55aec4ae9d978bcddda2ada28ce9"

debug@*:
  version "2.6.3"
  resolved "https://registry.yarnpkg.com/debug/-/debug-2.6.3.tgz#0f7eb8c30965ec08c72accfa0130c8b79984141d"
  dependencies:
    ms "0.7.2"

decamelize@^1.0.0:
  version "1.2.0"
  resolved "https://registry.yarnpkg.com/decamelize/-/decamelize-1.2.0.tgz#f6534d15148269b20352e7bee26f501f9a191290"

fresh@~0.2.0:
  version "0.2.4"
  resolved "https://registry.yarnpkg.com/fresh/-/fresh-0.2.4.tgz#3582499206c9723714190edd74b4604feb4a614c"

graceful-fs@^4.1.6:
  version "4.1.11"
  resolved "https://registry.yarnpkg.com/graceful-fs/-/graceful-fs-4.1.11.tgz#0e8bdfe4d1ddb8854d64e04ea7c00e2a026e5658"

humanize-number@~0.0.1:
  version "0.0.2"
  resolved "https://registry.yarnpkg.com/humanize-number/-/humanize-number-0.0.2.tgz#11c0af6a471643633588588048f1799541489c18"

jsonfile@^2.2.3:
  version "2.4.0"
  resolved "https://registry.yarnpkg.com/jsonfile/-/jsonfile-2.4.0.tgz#3736a2b428b87bbda0cc83b53fa3d633a35c2ae8"
  optionalDependencies:
    graceful-fs "^4.1.6"

keygrip@~1.0.0:
  version "1.0.1"
  resolved "https://registry.yarnpkg.com/keygrip/-/keygrip-1.0.1.tgz#b02fa4816eef21a8c4b35ca9e52921ffc89a30e9"

koa-compose@~2.1.0:
  version "2.1.0"
  resolved "https://registry.yarnpkg.com/koa-compose/-/koa-compose-2.1.0.tgz#3c8cc50612ab638a795d0ab0d4b4aad31bbace31"
  dependencies:
    debug "*"

koa-logger@~1.1.0:
  version "1.1.1"
  resolved "https://registry.yarnpkg.com/koa-logger/-/koa-logger-1.1.1.tgz#79e48e155a9e8f38760e2fdcd9a1ab0bbe1af593"
  dependencies:
    bytes "~0.2.1"
    humanize-number "~0.0.1"
    passthrough-counter "~0.0.1"

koa-route@~1.0.2:
  version "1.0.2"
  resolved "https://registry.yarnpkg.com/koa-route/-/koa-route-1.0.2.tgz#136a675eab271fa8f3f9555a88dc28d5584d0500"
  dependencies:
    debug "*"
    methods "0.1.0"
    path-to-regexp "0.0.2"

koa@~0.2.0:
  version "0.2.1"
  resolved "https://registry.yarnpkg.com/koa/-/koa-0.2.1.tgz#030f2a381624deb4a27fb5d27aa7e095cccd6d9c"
  dependencies:
    accepts "~1.0.0"
    co "~3.0.1"
    cookies "~0.3.7"
    debug "*"
    fresh "~0.2.0"
    keygrip "~1.0.0"
    koa-compose "~2.1.0"
    mime "~1.2.11"
    on-socket-error "~1.0.1"
    type-is "~1.0.0"

methods@0.1.0:
  version "0.1.0"
  resolved "https://registry.yarnpkg.com/methods/-/methods-0.1.0.tgz#335d429eefd21b7bacf2e9c922a8d2bd14a30e4f"

mime-types@~1.0.0:
  version "1.0.2"
  resolved "https://registry.yarnpkg.com/mime-types/-/mime-types-1.0.2.tgz#995ae1392ab8affcbfcb2641dd054e943c0d5dce"

mime@~1.2.11:
  version "1.2.11"
  resolved "https://registry.yarnpkg.com/mime/-/mime-1.2.11.tgz#58203eed86e3a5ef17aed2b7d9ebd47f0a60dd10"

minimist@~0.0.1:
  version "0.0.10"
  resolved "https://registry.yarnpkg.com/minimist/-/minimist-0.0.10.tgz#de3f98543dbf96082be48ad1a0c7cda836301dcf"

ms@0.7.2:
  version "0.7.2"
  resolved "https://registry.yarnpkg.com/ms/-/ms-0.7.2.tgz#ae25cf2512b3885a1d95d7f037868d8431124765"

negotiator@0.4.7:
  version "0.4.7"
  resolved "https://registry.yarnpkg.com/negotiator/-/negotiator-0.4.7.tgz#a4160f7177ec806738631d0d3052325da42abdc8"

on-socket-error@~1.0.1:
  version "1.0.1"
  resolved "https://registry.yarnpkg.com/on-socket-error/-/on-socket-error-1.0.1.tgz#5e563bd9778ca5fa118a51e975b2685ae92fab38"

optimist@~0.6:
  version "0.6.1"
  resolved "https://registry.yarnpkg.com/optimist/-/optimist-0.6.1.tgz#da3ea74686fa21a19a111c326e90eb15a0196686"
  dependencies:
    minimist "~0.0.1"
    wordwrap "~0.0.2"

passthrough-counter@~0.0.1:
  version "0.0.1"
  resolved "https://registry.yarnpkg.com/passthrough-counter/-/passthrough-counter-0.0.1.tgz#56a09252081c64b9f6e52502f01bec9d478c8517"

path-to-regexp@0.0.2:
  version "0.0.2"
  resolved "https://registry.yarnpkg.com/path-to-regexp/-/path-to-regexp-0.0.2.tgz#489feb060b314443a5494ab1da2efed2040ab24c"

qs@~0.6.5:
  version "0.6.6"
  resolved "https://registry.yarnpkg.com/qs/-/qs-0.6.6.tgz#6e015098ff51968b8a3c819001d5f2c89bc4b107"

raw-body@~1.1.1:
  version "1.1.7"
  resolved "https://registry.yarnpkg.com/raw-body/-/raw-body-1.1.7.tgz#1d027c2bfa116acc6623bca8f00016572a87d425"
  dependencies:
    bytes "1"
    string_decoder "0.10"

source-map@0.1.34:
  version "0.1.34"
  resolved "https://registry.yarnpkg.com/source-map/-/source-map-0.1.34.tgz#a7cfe89aec7b1682c3b198d0acfb47d7d090566b"
  dependencies:
    amdefine ">=0.0.4"

string_decoder@0.10:
  version "0.10.31"
  resolved "https://registry.yarnpkg.com/string_decoder/-/string_decoder-0.10.31.tgz#62e203bc41766c6c28c9fc84301dab1c5310fa94"

swig@~1.2.2:
  version "1.2.2"
  resolved "https://registry.yarnpkg.com/swig/-/swig-1.2.2.tgz#372e764f586948dbad43a7a5848c0e981639e7df"
  dependencies:
    optimist "~0.6"
    uglify-js "~2.4"

type-is@~1.0.0:
  version "1.0.1"
  resolved "https://registry.yarnpkg.com/type-is/-/type-is-1.0.1.tgz#ae09d93953c7846f5c083192837575ab363408f1"
  dependencies:
    mime "~1.2.11"

uglify-js@~2.4:
  version "2.4.24"
  resolved "https://registry.yarnpkg.com/uglify-js/-/uglify-js-2.4.24.tgz#fad5755c1e1577658bb06ff9ab6e548c95bebd6e"
  dependencies:
    async "~0.2.6"
    source-map "0.1.34"
    uglify-to-browserify "~1.0.0"
    yargs "~3.5.4"

uglify-to-browserify@~1.0.0:
  version "1.0.2"
  resolved "https://registry.yarnpkg.com/uglify-to-browserify/-/uglify-to-browserify-1.0.2.tgz#6e0924d6bda6b5afe349e39a6d632850a0f882b7"

window-size@0.1.0:
  version "0.1.0"
  resolved "https://registry.yarnpkg.com/window-size/-/window-size-0.1.0.tgz#5438cd2ea93b202efa3a19fe8887aee7c94f9c9d"

wordwrap@0.0.2:
  version "0.0.2"
  resolved "https://registry.yarnpkg.com/wordwrap/-/wordwrap-0.0.2.tgz#b79669bb42ecb409f83d583cad52ca17eaa1643f"

wordwrap@~0.0.2:
  version "0.0.3"
  resolved "https://registry.yarnpkg.com/wordwrap/-/wordwrap-0.0.3.tgz#a3d5da6cd5c0bc0008d37234bbaf1bed63059107"

yargs@~3.5.4:
  version "3.5.4"
  resolved "https://registry.yarnpkg.com/yargs/-/yargs-3.5.4.tgz#d8aff8f665e94c34bd259bdebd1bfaf0ddd35361"
  dependencies:
    camelcase "^1.0.2"
    decamelize "^1.0.0"
    window-size "0.1.0"
    wordwrap "0.0.2"
